// !$*UTF8*$!
{
	archiveVersion = 1;
	classes = {
	};
	objectVersion = 56;
	objects = {

/* Begin PBXBuildFile section */
		5B2441182A9F6A68002CBC3D /* Colors.swift in Sources */ = {isa = PBXBuildFile; fileRef = 5B2441172A9F6A68002CBC3D /* Colors.swift */; };
		5B3B2DA52A97F8450047827B /* CustomNavigationController.swift in Sources */ = {isa = PBXBuildFile; fileRef = 5B3B2DA42A97F8450047827B /* CustomNavigationController.swift */; };
		5B52DFF82A935E4000243A73 /* AppDelegate.swift in Sources */ = {isa = PBXBuildFile; fileRef = 5B52DFF72A935E4000243A73 /* AppDelegate.swift */; };
		5B52DFFA2A935E4000243A73 /* SceneDelegate.swift in Sources */ = {isa = PBXBuildFile; fileRef = 5B52DFF92A935E4000243A73 /* SceneDelegate.swift */; };
		5B52DFFC2A935E4000243A73 /* CharacterColectionViewController.swift in Sources */ = {isa = PBXBuildFile; fileRef = 5B52DFFB2A935E4000243A73 /* CharacterColectionViewController.swift */; };
		5B52E0012A935E4100243A73 /* Assets.xcassets in Resources */ = {isa = PBXBuildFile; fileRef = 5B52E0002A935E4100243A73 /* Assets.xcassets */; };
		5B52E0042A935E4100243A73 /* LaunchScreen.storyboard in Resources */ = {isa = PBXBuildFile; fileRef = 5B52E0022A935E4100243A73 /* LaunchScreen.storyboard */; };
		5B52E00D2A93636D00243A73 /* RickAndMorty.swift in Sources */ = {isa = PBXBuildFile; fileRef = 5B52E00C2A93636D00243A73 /* RickAndMorty.swift */; };
		5B52E0112A9363EC00243A73 /* NetworkManager.swift in Sources */ = {isa = PBXBuildFile; fileRef = 5B52E0102A9363EC00243A73 /* NetworkManager.swift */; };
		5B52E0162A936DEA00243A73 /* CharacterCollectionViewCell.swift in Sources */ = {isa = PBXBuildFile; fileRef = 5B52E0152A936DEA00243A73 /* CharacterCollectionViewCell.swift */; };
		5B52E0182A93FD7500243A73 /* CharacterDetailView.swift in Sources */ = {isa = PBXBuildFile; fileRef = 5B52E0172A93FD7500243A73 /* CharacterDetailView.swift */; };
		5B52E03B2A95AC2100243A73 /* HeadView.swift in Sources */ = {isa = PBXBuildFile; fileRef = 5B52E03A2A95AC2100243A73 /* HeadView.swift */; };
		5B52E03D2A95AC9D00243A73 /* InfoView.swift in Sources */ = {isa = PBXBuildFile; fileRef = 5B52E03C2A95AC9D00243A73 /* InfoView.swift */; };
		5B52E0402A95AD3800243A73 /* OriginView.swift in Sources */ = {isa = PBXBuildFile; fileRef = 5B52E03F2A95AD3800243A73 /* OriginView.swift */; };
		5B52E0422A95D53000243A73 /* EpisodesView.swift in Sources */ = {isa = PBXBuildFile; fileRef = 5B52E0412A95D53000243A73 /* EpisodesView.swift */; };
/* End PBXBuildFile section */

/* Begin PBXFileReference section */
		5B2441172A9F6A68002CBC3D /* Colors.swift */ = {isa = PBXFileReference; lastKnownFileType = sourcecode.swift; path = Colors.swift; sourceTree = "<group>"; };
		5B3B2DA42A97F8450047827B /* CustomNavigationController.swift */ = {isa = PBXFileReference; lastKnownFileType = sourcecode.swift; path = CustomNavigationController.swift; sourceTree = "<group>"; };
		5B52DFF42A935E4000243A73 /* RickAndMorty1221.app */ = {isa = PBXFileReference; explicitFileType = wrapper.application; includeInIndex = 0; path = RickAndMorty1221.app; sourceTree = BUILT_PRODUCTS_DIR; };
		5B52DFF72A935E4000243A73 /* AppDelegate.swift */ = {isa = PBXFileReference; lastKnownFileType = sourcecode.swift; path = AppDelegate.swift; sourceTree = "<group>"; };
		5B52DFF92A935E4000243A73 /* SceneDelegate.swift */ = {isa = PBXFileReference; lastKnownFileType = sourcecode.swift; path = SceneDelegate.swift; sourceTree = "<group>"; };
		5B52DFFB2A935E4000243A73 /* CharacterColectionViewController.swift */ = {isa = PBXFileReference; lastKnownFileType = sourcecode.swift; path = CharacterColectionViewController.swift; sourceTree = "<group>"; };
		5B52E0002A935E4100243A73 /* Assets.xcassets */ = {isa = PBXFileReference; lastKnownFileType = folder.assetcatalog; path = Assets.xcassets; sourceTree = "<group>"; };
		5B52E0032A935E4100243A73 /* Base */ = {isa = PBXFileReference; lastKnownFileType = file.storyboard; name = Base; path = Base.lproj/LaunchScreen.storyboard; sourceTree = "<group>"; };
		5B52E0052A935E4100243A73 /* Info.plist */ = {isa = PBXFileReference; lastKnownFileType = text.plist.xml; path = Info.plist; sourceTree = "<group>"; };
		5B52E00C2A93636D00243A73 /* RickAndMorty.swift */ = {isa = PBXFileReference; lastKnownFileType = sourcecode.swift; path = RickAndMorty.swift; sourceTree = "<group>"; };
		5B52E0102A9363EC00243A73 /* NetworkManager.swift */ = {isa = PBXFileReference; lastKnownFileType = sourcecode.swift; path = NetworkManager.swift; sourceTree = "<group>"; };
		5B52E0152A936DEA00243A73 /* CharacterCollectionViewCell.swift */ = {isa = PBXFileReference; lastKnownFileType = sourcecode.swift; path = CharacterCollectionViewCell.swift; sourceTree = "<group>"; };
		5B52E0172A93FD7500243A73 /* CharacterDetailView.swift */ = {isa = PBXFileReference; lastKnownFileType = sourcecode.swift; path = CharacterDetailView.swift; sourceTree = "<group>"; };
		5B52E03A2A95AC2100243A73 /* HeadView.swift */ = {isa = PBXFileReference; lastKnownFileType = sourcecode.swift; path = HeadView.swift; sourceTree = "<group>"; };
		5B52E03C2A95AC9D00243A73 /* InfoView.swift */ = {isa = PBXFileReference; lastKnownFileType = sourcecode.swift; path = InfoView.swift; sourceTree = "<group>"; };
		5B52E03F2A95AD3800243A73 /* OriginView.swift */ = {isa = PBXFileReference; lastKnownFileType = sourcecode.swift; path = OriginView.swift; sourceTree = "<group>"; };
		5B52E0412A95D53000243A73 /* EpisodesView.swift */ = {isa = PBXFileReference; lastKnownFileType = sourcecode.swift; path = EpisodesView.swift; sourceTree = "<group>"; };
/* End PBXFileReference section */

/* Begin PBXFrameworksBuildPhase section */
		5B52DFF12A935E4000243A73 /* Frameworks */ = {
			isa = PBXFrameworksBuildPhase;
			buildActionMask = 2147483647;
			files = (
			);
			runOnlyForDeploymentPostprocessing = 0;
		};
/* End PBXFrameworksBuildPhase section */

/* Begin PBXGroup section */
		5B52DFEB2A935E4000243A73 = {
			isa = PBXGroup;
			children = (
				5B52DFF62A935E4000243A73 /* RickAndMorty1221 */,
				5B52DFF52A935E4000243A73 /* Products */,
			);
			sourceTree = "<group>";
		};
		5B52DFF52A935E4000243A73 /* Products */ = {
			isa = PBXGroup;
			children = (
				5B52DFF42A935E4000243A73 /* RickAndMorty1221.app */,
			);
			name = Products;
			sourceTree = "<group>";
		};
		5B52DFF62A935E4000243A73 /* RickAndMorty1221 */ = {
			isa = PBXGroup;
			children = (
				5B52E00B2A93634A00243A73 /* Models */,
				5B52E00E2A93639100243A73 /* ViewControllers */,
				5B52E0392A95ABFC00243A73 /* Views */,
				5B52E00F2A9363BE00243A73 /* Services */,
				5B52E0122A93641C00243A73 /* SupportingFiles */,
				5B52E0002A935E4100243A73 /* Assets.xcassets */,
				5B52E0052A935E4100243A73 /* Info.plist */,
				5B52E0022A935E4100243A73 /* LaunchScreen.storyboard */,
			);
			path = RickAndMorty1221;
			sourceTree = "<group>";
		};
		5B52E00B2A93634A00243A73 /* Models */ = {
			isa = PBXGroup;
			children = (
				5B52E00C2A93636D00243A73 /* RickAndMorty.swift */,
				5B2441172A9F6A68002CBC3D /* Colors.swift */,
			);
			path = Models;
			sourceTree = "<group>";
		};
		5B52E00E2A93639100243A73 /* ViewControllers */ = {
			isa = PBXGroup;
			children = (
				5B3B2DA42A97F8450047827B /* CustomNavigationController.swift */,
				5B52DFFB2A935E4000243A73 /* CharacterColectionViewController.swift */,
				5B52E0152A936DEA00243A73 /* CharacterCollectionViewCell.swift */,
			);
			path = ViewControllers;
			sourceTree = "<group>";
		};
		5B52E00F2A9363BE00243A73 /* Services */ = {
			isa = PBXGroup;
			children = (
				5B52E0102A9363EC00243A73 /* NetworkManager.swift */,
			);
			path = Services;
			sourceTree = "<group>";
		};
		5B52E0122A93641C00243A73 /* SupportingFiles */ = {
			isa = PBXGroup;
			children = (
				5B52DFF72A935E4000243A73 /* AppDelegate.swift */,
				5B52DFF92A935E4000243A73 /* SceneDelegate.swift */,
			);
			path = SupportingFiles;
			sourceTree = "<group>";
		};
		5B52E0392A95ABFC00243A73 /* Views */ = {
			isa = PBXGroup;
			children = (
				5B52E0172A93FD7500243A73 /* CharacterDetailView.swift */,
				5B52E03A2A95AC2100243A73 /* HeadView.swift */,
				5B52E03C2A95AC9D00243A73 /* InfoView.swift */,
				5B52E03F2A95AD3800243A73 /* OriginView.swift */,
				5B52E0412A95D53000243A73 /* EpisodesView.swift */,
			);
			path = Views;
			sourceTree = "<group>";
		};
/* End PBXGroup section */

/* Begin PBXNativeTarget section */
		5B52DFF32A935E4000243A73 /* RickAndMorty1221 */ = {
			isa = PBXNativeTarget;
			buildConfigurationList = 5B52E0082A935E4100243A73 /* Build configuration list for PBXNativeTarget "RickAndMorty1221" */;
			buildPhases = (
				5B52DFF02A935E4000243A73 /* Sources */,
				5B52DFF12A935E4000243A73 /* Frameworks */,
				5B52DFF22A935E4000243A73 /* Resources */,
			);
			buildRules = (
			);
			dependencies = (
			);
			name = RickAndMorty1221;
			productName = RickAndMorty1221;
			productReference = 5B52DFF42A935E4000243A73 /* RickAndMorty1221.app */;
			productType = "com.apple.product-type.application";
		};
/* End PBXNativeTarget section */

/* Begin PBXProject section */
		5B52DFEC2A935E4000243A73 /* Project object */ = {
			isa = PBXProject;
			attributes = {
				BuildIndependentTargetsInParallel = 1;
				LastSwiftUpdateCheck = 1430;
				LastUpgradeCheck = 1430;
				TargetAttributes = {
					5B52DFF32A935E4000243A73 = {
						CreatedOnToolsVersion = 14.3.1;
					};
				};
			};
			buildConfigurationList = 5B52DFEF2A935E4000243A73 /* Build configuration list for PBXProject "RickAndMorty1221" */;
			compatibilityVersion = "Xcode 14.0";
			developmentRegion = en;
			hasScannedForEncodings = 0;
			knownRegions = (
				en,
				Base,
			);
			mainGroup = 5B52DFEB2A935E4000243A73;
			productRefGroup = 5B52DFF52A935E4000243A73 /* Products */;
			projectDirPath = "";
			projectRoot = "";
			targets = (
				5B52DFF32A935E4000243A73 /* RickAndMorty1221 */,
			);
		};
/* End PBXProject section */

/* Begin PBXResourcesBuildPhase section */
		5B52DFF22A935E4000243A73 /* Resources */ = {
			isa = PBXResourcesBuildPhase;
			buildActionMask = 2147483647;
			files = (
				5B52E0042A935E4100243A73 /* LaunchScreen.storyboard in Resources */,
				5B52E0012A935E4100243A73 /* Assets.xcassets in Resources */,
			);
			runOnlyForDeploymentPostprocessing = 0;
		};
/* End PBXResourcesBuildPhase section */

/* Begin PBXSourcesBuildPhase section */
		5B52DFF02A935E4000243A73 /* Sources */ = {
			isa = PBXSourcesBuildPhase;
			buildActionMask = 2147483647;
			files = (
				5B52E00D2A93636D00243A73 /* RickAndMorty.swift in Sources */,
				5B52DFFC2A935E4000243A73 /* CharacterColectionViewController.swift in Sources */,
				5B52E0402A95AD3800243A73 /* OriginView.swift in Sources */,
				5B52E0112A9363EC00243A73 /* NetworkManager.swift in Sources */,
				5B52E0422A95D53000243A73 /* EpisodesView.swift in Sources */,
				5B52DFF82A935E4000243A73 /* AppDelegate.swift in Sources */,
				5B52DFFA2A935E4000243A73 /* SceneDelegate.swift in Sources */,
				5B52E0162A936DEA00243A73 /* CharacterCollectionViewCell.swift in Sources */,
				5B2441182A9F6A68002CBC3D /* Colors.swift in Sources */,
				5B52E03B2A95AC2100243A73 /* HeadView.swift in Sources */,
				5B52E03D2A95AC9D00243A73 /* InfoView.swift in Sources */,
				5B52E0182A93FD7500243A73 /* CharacterDetailView.swift in Sources */,
				5B3B2DA52A97F8450047827B /* CustomNavigationController.swift in Sources */,
			);
			runOnlyForDeploymentPostprocessing = 0;
		};
/* End PBXSourcesBuildPhase section */

/* Begin PBXVariantGroup section */
		5B52E0022A935E4100243A73 /* LaunchScreen.storyboard */ = {
			isa = PBXVariantGroup;
			children = (
				5B52E0032A935E4100243A73 /* Base */,
			);
			name = LaunchScreen.storyboard;
			sourceTree = "<group>";
		};
/* End PBXVariantGroup section */

/* Begin XCBuildConfiguration section */
		5B52E0062A935E4100243A73 /* Debug */ = {
			isa = XCBuildConfiguration;
			buildSettings = {
				ALWAYS_SEARCH_USER_PATHS = NO;
				CLANG_ANALYZER_NONNULL = YES;
				CLANG_ANALYZER_NUMBER_OBJECT_CONVERSION = YES_AGGRESSIVE;
				CLANG_CXX_LANGUAGE_STANDARD = "gnu++20";
				CLANG_ENABLE_MODULES = YES;
				CLANG_ENABLE_OBJC_ARC = YES;
				CLANG_ENABLE_OBJC_WEAK = YES;
				CLANG_WARN_BLOCK_CAPTURE_AUTORELEASING = YES;
				CLANG_WARN_BOOL_CONVERSION = YES;
				CLANG_WARN_COMMA = YES;
				CLANG_WARN_CONSTANT_CONVERSION = YES;
				CLANG_WARN_DEPRECATED_OBJC_IMPLEMENTATIONS = YES;
				CLANG_WARN_DIRECT_OBJC_ISA_USAGE = YES_ERROR;
				CLANG_WARN_DOCUMENTATION_COMMENTS = YES;
				CLANG_WARN_EMPTY_BODY = YES;
				CLANG_WARN_ENUM_CONVERSION = YES;
				CLANG_WARN_INFINITE_RECURSION = YES;
				CLANG_WARN_INT_CONVERSION = YES;
				CLANG_WARN_NON_LITERAL_NULL_CONVERSION = YES;
				CLANG_WARN_OBJC_IMPLICIT_RETAIN_SELF = YES;
				CLANG_WARN_OBJC_LITERAL_CONVERSION = YES;
				CLANG_WARN_OBJC_ROOT_CLASS = YES_ERROR;
				CLANG_WARN_QUOTED_INCLUDE_IN_FRAMEWORK_HEADER = YES;
				CLANG_WARN_RANGE_LOOP_ANALYSIS = YES;
				CLANG_WARN_STRICT_PROTOTYPES = YES;
				CLANG_WARN_SUSPICIOUS_MOVE = YES;
				CLANG_WARN_UNGUARDED_AVAILABILITY = YES_AGGRESSIVE;
				CLANG_WARN_UNREACHABLE_CODE = YES;
				CLANG_WARN__DUPLICATE_METHOD_MATCH = YES;
				COPY_PHASE_STRIP = NO;
				DEBUG_INFORMATION_FORMAT = dwarf;
				ENABLE_STRICT_OBJC_MSGSEND = YES;
				ENABLE_TESTABILITY = YES;
				GCC_C_LANGUAGE_STANDARD = gnu11;
				GCC_DYNAMIC_NO_PIC = NO;
				GCC_NO_COMMON_BLOCKS = YES;
				GCC_OPTIMIZATION_LEVEL = 0;
				GCC_PREPROCESSOR_DEFINITIONS = (
					"DEBUG=1",
					"$(inherited)",
				);
				GCC_WARN_64_TO_32_BIT_CONVERSION = YES;
				GCC_WARN_ABOUT_RETURN_TYPE = YES_ERROR;
				GCC_WARN_UNDECLARED_SELECTOR = YES;
				GCC_WARN_UNINITIALIZED_AUTOS = YES_AGGRESSIVE;
				GCC_WARN_UNUSED_FUNCTION = YES;
				GCC_WARN_UNUSED_VARIABLE = YES;
				IPHONEOS_DEPLOYMENT_TARGET = 16.4;
				MTL_ENABLE_DEBUG_INFO = INCLUDE_SOURCE;
				MTL_FAST_MATH = YES;
				ONLY_ACTIVE_ARCH = YES;
				SDKROOT = iphoneos;
				SWIFT_ACTIVE_COMPILATION_CONDITIONS = DEBUG;
				SWIFT_OPTIMIZATION_LEVEL = "-Onone";
			};
			name = Debug;
		};
		5B52E0072A935E4100243A73 /* Release */ = {
			isa = XCBuildConfiguration;
			buildSettings = {
				ALWAYS_SEARCH_USER_PATHS = NO;
				CLANG_ANALYZER_NONNULL = YES;
				CLANG_ANALYZER_NUMBER_OBJECT_CONVERSION = YES_AGGRESSIVE;
				CLANG_CXX_LANGUAGE_STANDARD = "gnu++20";
				CLANG_ENABLE_MODULES = YES;
				CLANG_ENABLE_OBJC_ARC = YES;
				CLANG_ENABLE_OBJC_WEAK = YES;
				CLANG_WARN_BLOCK_CAPTURE_AUTORELEASING = YES;
				CLANG_WARN_BOOL_CONVERSION = YES;
				CLANG_WARN_COMMA = YES;
				CLANG_WARN_CONSTANT_CONVERSION = YES;
				CLANG_WARN_DEPRECATED_OBJC_IMPLEMENTATIONS = YES;
				CLANG_WARN_DIRECT_OBJC_ISA_USAGE = YES_ERROR;
				CLANG_WARN_DOCUMENTATION_COMMENTS = YES;
				CLANG_WARN_EMPTY_BODY = YES;
				CLANG_WARN_ENUM_CONVERSION = YES;
				CLANG_WARN_INFINITE_RECURSION = YES;
				CLANG_WARN_INT_CONVERSION = YES;
				CLANG_WARN_NON_LITERAL_NULL_CONVERSION = YES;
				CLANG_WARN_OBJC_IMPLICIT_RETAIN_SELF = YES;
				CLANG_WARN_OBJC_LITERAL_CONVERSION = YES;
				CLANG_WARN_OBJC_ROOT_CLASS = YES_ERROR;
				CLANG_WARN_QUOTED_INCLUDE_IN_FRAMEWORK_HEADER = YES;
				CLANG_WARN_RANGE_LOOP_ANALYSIS = YES;
				CLANG_WARN_STRICT_PROTOTYPES = YES;
				CLANG_WARN_SUSPICIOUS_MOVE = YES;
				CLANG_WARN_UNGUARDED_AVAILABILITY = YES_AGGRESSIVE;
				CLANG_WARN_UNREACHABLE_CODE = YES;
				CLANG_WARN__DUPLICATE_METHOD_MATCH = YES;
				COPY_PHASE_STRIP = NO;
				DEBUG_INFORMATION_FORMAT = "dwarf-with-dsym";
				ENABLE_NS_ASSERTIONS = NO;
				ENABLE_STRICT_OBJC_MSGSEND = YES;
				GCC_C_LANGUAGE_STANDARD = gnu11;
				GCC_NO_COMMON_BLOCKS = YES;
				GCC_WARN_64_TO_32_BIT_CONVERSION = YES;
				GCC_WARN_ABOUT_RETURN_TYPE = YES_ERROR;
				GCC_WARN_UNDECLARED_SELECTOR = YES;
				GCC_WARN_UNINITIALIZED_AUTOS = YES_AGGRESSIVE;
				GCC_WARN_UNUSED_FUNCTION = YES;
				GCC_WARN_UNUSED_VARIABLE = YES;
				IPHONEOS_DEPLOYMENT_TARGET = 16.4;
				MTL_ENABLE_DEBUG_INFO = NO;
				MTL_FAST_MATH = YES;
				SDKROOT = iphoneos;
				SWIFT_COMPILATION_MODE = wholemodule;
				SWIFT_OPTIMIZATION_LEVEL = "-O";
				VALIDATE_PRODUCT = YES;
			};
			name = Release;
		};
		5B52E0092A935E4100243A73 /* Debug */ = {
			isa = XCBuildConfiguration;
			buildSettings = {
				ASSETCATALOG_COMPILER_APPICON_NAME = AppIcon;
				ASSETCATALOG_COMPILER_GLOBAL_ACCENT_COLOR_NAME = AccentColor;
				CODE_SIGN_STYLE = Automatic;
				CURRENT_PROJECT_VERSION = 1;
				DEVELOPMENT_TEAM = 6RAY94QJCX;
				GENERATE_INFOPLIST_FILE = YES;
				INFOPLIST_FILE = RickAndMorty1221/Info.plist;
				INFOPLIST_KEY_UIApplicationSupportsIndirectInputEvents = YES;
				INFOPLIST_KEY_UILaunchStoryboardName = LaunchScreen;
				INFOPLIST_KEY_UIStatusBarHidden = NO;
				INFOPLIST_KEY_UIStatusBarStyle = UIStatusBarStyleLightContent;
				INFOPLIST_KEY_UISupportedInterfaceOrientations = UIInterfaceOrientationPortrait;
				INFOPLIST_KEY_UISupportedInterfaceOrientations_iPad = "UIInterfaceOrientationLandscapeLeft UIInterfaceOrientationLandscapeRight UIInterfaceOrientationPortrait UIInterfaceOrientationPortraitUpsideDown";
				IPHONEOS_DEPLOYMENT_TARGET = 15.0;
				LD_RUNPATH_SEARCH_PATHS = (
					"$(inherited)",
					"@executable_path/Frameworks",
				);
				MARKETING_VERSION = 1.0;
				PRODUCT_BUNDLE_IDENTIFIER = com.RickAndMorty1221;
				PRODUCT_NAME = "$(TARGET_NAME)";
				SUPPORTED_PLATFORMS = "iphoneos iphonesimulator";
				SUPPORTS_MACCATALYST = NO;
				SUPPORTS_MAC_DESIGNED_FOR_IPHONE_IPAD = NO;
				SWIFT_EMIT_LOC_STRINGS = YES;
				SWIFT_VERSION = 5.0;
				TARGETED_DEVICE_FAMILY = 1;
			};
			name = Debug;
		};
		5B52E00A2A935E4100243A73 /* Release */ = {
			isa = XCBuildConfiguration;
			buildSettings = {
				ASSETCATALOG_COMPILER_APPICON_NAME = AppIcon;
				ASSETCATALOG_COMPILER_GLOBAL_ACCENT_COLOR_NAME = AccentColor;
				CODE_SIGN_STYLE = Automatic;
				CURRENT_PROJECT_VERSION = 1;
				DEVELOPMENT_TEAM = 6RAY94QJCX;
				GENERATE_INFOPLIST_FILE = YES;
				INFOPLIST_FILE = RickAndMorty1221/Info.plist;
				INFOPLIST_KEY_UIApplicationSupportsIndirectInputEvents = YES;
				INFOPLIST_KEY_UILaunchStoryboardName = LaunchScreen;
				INFOPLIST_KEY_UIStatusBarHidden = NO;
				INFOPLIST_KEY_UIStatusBarStyle = UIStatusBarStyleLightContent;
				INFOPLIST_KEY_UISupportedInterfaceOrientations = UIInterfaceOrientationPortrait;
				INFOPLIST_KEY_UISupportedInterfaceOrientations_iPad = "UIInterfaceOrientationLandscapeLeft UIInterfaceOrientationLandscapeRight UIInterfaceOrientationPortrait UIInterfaceOrientationPortraitUpsideDown";
				IPHONEOS_DEPLOYMENT_TARGET = 15.0;
				LD_RUNPATH_SEARCH_PATHS = (
					"$(inherited)",
					"@executable_path/Frameworks",
				);
				MARKETING_VERSION = 1.0;
				PRODUCT_BUNDLE_IDENTIFIER = com.RickAndMorty1221;
				PRODUCT_NAME = "$(TARGET_NAME)";
				SUPPORTED_PLATFORMS = "iphoneos iphonesimulator";
				SUPPORTS_MACCATALYST = NO;
				SUPPORTS_MAC_DESIGNED_FOR_IPHONE_IPAD = NO;
				SWIFT_EMIT_LOC_STRINGS = YES;
				SWIFT_VERSION = 5.0;
				TARGETED_DEVICE_FAMILY = 1;
			};
			name = Release;
		};
/* End XCBuildConfiguration section */

/* Begin XCConfigurationList section */
		5B52DFEF2A935E4000243A73 /* Build configuration list for PBXProject "RickAndMorty1221" */ = {
			isa = XCConfigurationList;
			buildConfigurations = (
				5B52E0062A935E4100243A73 /* Debug */,
				5B52E0072A935E4100243A73 /* Release */,
			);
			defaultConfigurationIsVisible = 0;
			defaultConfigurationName = Release;
		};
		5B52E0082A935E4100243A73 /* Build configuration list for PBXNativeTarget "RickAndMorty1221" */ = {
			isa = XCConfigurationList;
			buildConfigurations = (
				5B52E0092A935E4100243A73 /* Debug */,
				5B52E00A2A935E4100243A73 /* Release */,
			);
			defaultConfigurationIsVisible = 0;
			defaultConfigurationName = Release;
		};
/* End XCConfigurationList section */
	};
	rootObject = 5B52DFEC2A935E4000243A73 /* Project object */;
}
